// !$*UTF8*$!
{
	archiveVersion = 1;
	classes = {
	};
	objectVersion = 46;
	objects = {

/* Begin PBXBuildFile section */
		2708B6591BE43411003C4A2B /* main.m in Sources */ = {isa = PBXBuildFile; fileRef = 2708B6581BE43411003C4A2B /* main.m */; };
		2708B65C1BE43411003C4A2B /* AppDelegate.m in Sources */ = {isa = PBXBuildFile; fileRef = 2708B65B1BE43411003C4A2B /* AppDelegate.m */; };
		2708B65F1BE43411003C4A2B /* FirstViewController.m in Sources */ = {isa = PBXBuildFile; fileRef = 2708B65E1BE43411003C4A2B /* FirstViewController.m */; };
		2708B6621BE43411003C4A2B /* SecondViewController.m in Sources */ = {isa = PBXBuildFile; fileRef = 2708B6611BE43411003C4A2B /* SecondViewController.m */; };
		2708B6651BE43411003C4A2B /* Main.storyboard in Resources */ = {isa = PBXBuildFile; fileRef = 2708B6631BE43411003C4A2B /* Main.storyboard */; };
		2708B6671BE43411003C4A2B /* Assets.xcassets in Resources */ = {isa = PBXBuildFile; fileRef = 2708B6661BE43411003C4A2B /* Assets.xcassets */; };
		2708B66A1BE43411003C4A2B /* LaunchScreen.storyboard in Resources */ = {isa = PBXBuildFile; fileRef = 2708B6681BE43411003C4A2B /* LaunchScreen.storyboard */; };
		2708B6751BE43412003C4A2B /* PocketFacilitatorTests.m in Sources */ = {isa = PBXBuildFile; fileRef = 2708B6741BE43412003C4A2B /* PocketFacilitatorTests.m */; };
		2708B6801BE43412003C4A2B /* PocketFacilitatorUITests.m in Sources */ = {isa = PBXBuildFile; fileRef = 2708B67F1BE43412003C4A2B /* PocketFacilitatorUITests.m */; };
/* End PBXBuildFile section */

/* Begin PBXContainerItemProxy section */
		2708B6711BE43412003C4A2B /* PBXContainerItemProxy */ = {
			isa = PBXContainerItemProxy;
			containerPortal = 2708B64C1BE43411003C4A2B /* Project object */;
			proxyType = 1;
			remoteGlobalIDString = 2708B6531BE43411003C4A2B;
			remoteInfo = PocketFacilitator;
		};
		2708B67C1BE43412003C4A2B /* PBXContainerItemProxy */ = {
			isa = PBXContainerItemProxy;
			containerPortal = 2708B64C1BE43411003C4A2B /* Project object */;
			proxyType = 1;
			remoteGlobalIDString = 2708B6531BE43411003C4A2B;
			remoteInfo = PocketFacilitator;
		};
/* End PBXContainerItemProxy section */

/* Begin PBXFileReference section */
		2708B6541BE43411003C4A2B /* PocketFacilitator.app */ = {isa = PBXFileReference; explicitFileType = wrapper.application; includeInIndex = 0; path = PocketFacilitator.app; sourceTree = BUILT_PRODUCTS_DIR; };
		2708B6581BE43411003C4A2B /* main.m */ = {isa = PBXFileReference; lastKnownFileType = sourcecode.c.objc; path = main.m; sourceTree = "<group>"; };
		2708B65A1BE43411003C4A2B /* AppDelegate.h */ = {isa = PBXFileReference; lastKnownFileType = sourcecode.c.h; path = AppDelegate.h; sourceTree = "<group>"; };
		2708B65B1BE43411003C4A2B /* AppDelegate.m */ = {isa = PBXFileReference; lastKnownFileType = sourcecode.c.objc; path = AppDelegate.m; sourceTree = "<group>"; };
		2708B65D1BE43411003C4A2B /* FirstViewController.h */ = {isa = PBXFileReference; lastKnownFileType = sourcecode.c.h; path = FirstViewController.h; sourceTree = "<group>"; };
		2708B65E1BE43411003C4A2B /* FirstViewController.m */ = {isa = PBXFileReference; lastKnownFileType = sourcecode.c.objc; path = FirstViewController.m; sourceTree = "<group>"; };
		2708B6601BE43411003C4A2B /* SecondViewController.h */ = {isa = PBXFileReference; lastKnownFileType = sourcecode.c.h; path = SecondViewController.h; sourceTree = "<group>"; };
		2708B6611BE43411003C4A2B /* SecondViewController.m */ = {isa = PBXFileReference; lastKnownFileType = sourcecode.c.objc; path = SecondViewController.m; sourceTree = "<group>"; };
		2708B6641BE43411003C4A2B /* Base */ = {isa = PBXFileReference; lastKnownFileType = file.storyboard; name = Base; path = Base.lproj/Main.storyboard; sourceTree = "<group>"; };
		2708B6661BE43411003C4A2B /* Assets.xcassets */ = {isa = PBXFileReference; lastKnownFileType = folder.assetcatalog; path = Assets.xcassets; sourceTree = "<group>"; };
		2708B6691BE43411003C4A2B /* Base */ = {isa = PBXFileReference; lastKnownFileType = file.storyboard; name = Base; path = Base.lproj/LaunchScreen.storyboard; sourceTree = "<group>"; };
		2708B66B1BE43411003C4A2B /* Info.plist */ = {isa = PBXFileReference; lastKnownFileType = text.plist.xml; path = Info.plist; sourceTree = "<group>"; };
		2708B6701BE43412003C4A2B /* PocketFacilitatorTests.xctest */ = {isa = PBXFileReference; explicitFileType = wrapper.cfbundle; includeInIndex = 0; path = PocketFacilitatorTests.xctest; sourceTree = BUILT_PRODUCTS_DIR; };
		2708B6741BE43412003C4A2B /* PocketFacilitatorTests.m */ = {isa = PBXFileReference; lastKnownFileType = sourcecode.c.objc; path = PocketFacilitatorTests.m; sourceTree = "<group>"; };
		2708B6761BE43412003C4A2B /* Info.plist */ = {isa = PBXFileReference; lastKnownFileType = text.plist.xml; path = Info.plist; sourceTree = "<group>"; };
		2708B67B1BE43412003C4A2B /* PocketFacilitatorUITests.xctest */ = {isa = PBXFileReference; explicitFileType = wrapper.cfbundle; includeInIndex = 0; path = PocketFacilitatorUITests.xctest; sourceTree = BUILT_PRODUCTS_DIR; };
		2708B67F1BE43412003C4A2B /* PocketFacilitatorUITests.m */ = {isa = PBXFileReference; lastKnownFileType = sourcecode.c.objc; path = PocketFacilitatorUITests.m; sourceTree = "<group>"; };
		2708B6811BE43412003C4A2B /* Info.plist */ = {isa = PBXFileReference; lastKnownFileType = text.plist.xml; path = Info.plist; sourceTree = "<group>"; };
/* End PBXFileReference section */

/* Begin PBXFrameworksBuildPhase section */
		2708B6511BE43411003C4A2B /* Frameworks */ = {
			isa = PBXFrameworksBuildPhase;
			buildActionMask = 2147483647;
			files = (
			);
			runOnlyForDeploymentPostprocessing = 0;
		};
		2708B66D1BE43412003C4A2B /* Frameworks */ = {
			isa = PBXFrameworksBuildPhase;
			buildActionMask = 2147483647;
			files = (
			);
			runOnlyForDeploymentPostprocessing = 0;
		};
		2708B6781BE43412003C4A2B /* Frameworks */ = {
			isa = PBXFrameworksBuildPhase;
			buildActionMask = 2147483647;
			files = (
			);
			runOnlyForDeploymentPostprocessing = 0;
		};
/* End PBXFrameworksBuildPhase section */

/* Begin PBXGroup section */
		2708B64B1BE43411003C4A2B = {
			isa = PBXGroup;
			children = (
				2708B6561BE43411003C4A2B /* PocketFacilitator */,
				2708B6731BE43412003C4A2B /* PocketFacilitatorTests */,
				2708B67E1BE43412003C4A2B /* PocketFacilitatorUITests */,
				2708B6551BE43411003C4A2B /* Products */,
			);
			sourceTree = "<group>";
		};
		2708B6551BE43411003C4A2B /* Products */ = {
			isa = PBXGroup;
			children = (
				2708B6541BE43411003C4A2B /* PocketFacilitator.app */,
				2708B6701BE43412003C4A2B /* PocketFacilitatorTests.xctest */,
				2708B67B1BE43412003C4A2B /* PocketFacilitatorUITests.xctest */,
			);
			name = Products;
			sourceTree = "<group>";
		};
		2708B6561BE43411003C4A2B /* PocketFacilitator */ = {
			isa = PBXGroup;
			children = (
				2708B65A1BE43411003C4A2B /* AppDelegate.h */,
				2708B65B1BE43411003C4A2B /* AppDelegate.m */,
				2708B65D1BE43411003C4A2B /* FirstViewController.h */,
				2708B65E1BE43411003C4A2B /* FirstViewController.m */,
				2708B6601BE43411003C4A2B /* SecondViewController.h */,
				2708B6611BE43411003C4A2B /* SecondViewController.m */,
				2708B6631BE43411003C4A2B /* Main.storyboard */,
				2708B6661BE43411003C4A2B /* Assets.xcassets */,
				2708B6681BE43411003C4A2B /* LaunchScreen.storyboard */,
				2708B66B1BE43411003C4A2B /* Info.plist */,
				2708B6571BE43411003C4A2B /* Supporting Files */,
			);
			path = PocketFacilitator;
			sourceTree = "<group>";
		};
		2708B6571BE43411003C4A2B /* Supporting Files */ = {
			isa = PBXGroup;
			children = (
				2708B6581BE43411003C4A2B /* main.m */,
			);
			name = "Supporting Files";
			sourceTree = "<group>";
		};
		2708B6731BE43412003C4A2B /* PocketFacilitatorTests */ = {
			isa = PBXGroup;
			children = (
				2708B6741BE43412003C4A2B /* PocketFacilitatorTests.m */,
				2708B6761BE43412003C4A2B /* Info.plist */,
			);
			path = PocketFacilitatorTests;
			sourceTree = "<group>";
		};
		2708B67E1BE43412003C4A2B /* PocketFacilitatorUITests */ = {
			isa = PBXGroup;
			children = (
				2708B67F1BE43412003C4A2B /* PocketFacilitatorUITests.m */,
				2708B6811BE43412003C4A2B /* Info.plist */,
			);
			path = PocketFacilitatorUITests;
			sourceTree = "<group>";
		};
/* End PBXGroup section */

/* Begin PBXNativeTarget section */
		2708B6531BE43411003C4A2B /* PocketFacilitator */ = {
			isa = PBXNativeTarget;
			buildConfigurationList = 2708B6841BE43412003C4A2B /* Build configuration list for PBXNativeTarget "PocketFacilitator" */;
			buildPhases = (
				2708B6501BE43411003C4A2B /* Sources */,
				2708B6511BE43411003C4A2B /* Frameworks */,
				2708B6521BE43411003C4A2B /* Resources */,
			);
			buildRules = (
			);
			dependencies = (
			);
			name = PocketFacilitator;
			productName = PocketFacilitator;
			productReference = 2708B6541BE43411003C4A2B /* PocketFacilitator.app */;
			productType = "com.apple.product-type.application";
		};
		2708B66F1BE43412003C4A2B /* PocketFacilitatorTests */ = {
			isa = PBXNativeTarget;
			buildConfigurationList = 2708B6871BE43412003C4A2B /* Build configuration list for PBXNativeTarget "PocketFacilitatorTests" */;
			buildPhases = (
				2708B66C1BE43412003C4A2B /* Sources */,
				2708B66D1BE43412003C4A2B /* Frameworks */,
				2708B66E1BE43412003C4A2B /* Resources */,
			);
			buildRules = (
			);
			dependencies = (
				2708B6721BE43412003C4A2B /* PBXTargetDependency */,
			);
			name = PocketFacilitatorTests;
			productName = PocketFacilitatorTests;
			productReference = 2708B6701BE43412003C4A2B /* PocketFacilitatorTests.xctest */;
			productType = "com.apple.product-type.bundle.unit-test";
		};
		2708B67A1BE43412003C4A2B /* PocketFacilitatorUITests */ = {
			isa = PBXNativeTarget;
			buildConfigurationList = 2708B68A1BE43412003C4A2B /* Build configuration list for PBXNativeTarget "PocketFacilitatorUITests" */;
			buildPhases = (
				2708B6771BE43412003C4A2B /* Sources */,
				2708B6781BE43412003C4A2B /* Frameworks */,
				2708B6791BE43412003C4A2B /* Resources */,
			);
			buildRules = (
			);
			dependencies = (
				2708B67D1BE43412003C4A2B /* PBXTargetDependency */,
			);
			name = PocketFacilitatorUITests;
			productName = PocketFacilitatorUITests;
			productReference = 2708B67B1BE43412003C4A2B /* PocketFacilitatorUITests.xctest */;
			productType = "com.apple.product-type.bundle.ui-testing";
		};
/* End PBXNativeTarget section */

/* Begin PBXProject section */
		2708B64C1BE43411003C4A2B /* Project object */ = {
			isa = PBXProject;
			attributes = {
				LastUpgradeCheck = 0710;
				ORGANIZATIONNAME = "Nick Reeder";
				TargetAttributes = {
					2708B6531BE43411003C4A2B = {
						CreatedOnToolsVersion = 7.1;
					};
					2708B66F1BE43412003C4A2B = {
						CreatedOnToolsVersion = 7.1;
						TestTargetID = 2708B6531BE43411003C4A2B;
					};
					2708B67A1BE43412003C4A2B = {
						CreatedOnToolsVersion = 7.1;
						TestTargetID = 2708B6531BE43411003C4A2B;
					};
				};
			};
			buildConfigurationList = 2708B64F1BE43411003C4A2B /* Build configuration list for PBXProject "PocketFacilitator" */;
			compatibilityVersion = "Xcode 3.2";
			developmentRegion = English;
			hasScannedForEncodings = 0;
			knownRegions = (
				en,
				Base,
			);
			mainGroup = 2708B64B1BE43411003C4A2B;
			productRefGroup = 2708B6551BE43411003C4A2B /* Products */;
			projectDirPath = "";
			projectRoot = "";
			targets = (
				2708B6531BE43411003C4A2B /* PocketFacilitator */,
				2708B66F1BE43412003C4A2B /* PocketFacilitatorTests */,
				2708B67A1BE43412003C4A2B /* PocketFacilitatorUITests */,
			);
		};
/* End PBXProject section */

/* Begin PBXResourcesBuildPhase section */
		2708B6521BE43411003C4A2B /* Resources */ = {
			isa = PBXResourcesBuildPhase;
			buildActionMask = 2147483647;
			files = (
				2708B66A1BE43411003C4A2B /* LaunchScreen.storyboard in Resources */,
				2708B6671BE43411003C4A2B /* Assets.xcassets in Resources */,
				2708B6651BE43411003C4A2B /* Main.storyboard in Resources */,
			);
			runOnlyForDeploymentPostprocessing = 0;
		};
		2708B66E1BE43412003C4A2B /* Resources */ = {
			isa = PBXResourcesBuildPhase;
			buildActionMask = 2147483647;
			files = (
			);
			runOnlyForDeploymentPostprocessing = 0;
		};
		2708B6791BE43412003C4A2B /* Resources */ = {
			isa = PBXResourcesBuildPhase;
			buildActionMask = 2147483647;
			files = (
			);
			runOnlyForDeploymentPostprocessing = 0;
		};
/* End PBXResourcesBuildPhase section */

/* Begin PBXSourcesBuildPhase section */
		2708B6501BE43411003C4A2B /* Sources */ = {
			isa = PBXSourcesBuildPhase;
			buildActionMask = 2147483647;
			files = (
				2708B6621BE43411003C4A2B /* SecondViewController.m in Sources */,
				2708B65C1BE43411003C4A2B /* AppDelegate.m in Sources */,
				2708B65F1BE43411003C4A2B /* FirstViewController.m in Sources */,
				2708B6591BE43411003C4A2B /* main.m in Sources */,
			);
			runOnlyForDeploymentPostprocessing = 0;
		};
		2708B66C1BE43412003C4A2B /* Sources */ = {
			isa = PBXSourcesBuildPhase;
			buildActionMask = 2147483647;
			files = (
				2708B6751BE43412003C4A2B /* PocketFacilitatorTests.m in Sources */,
			);
			runOnlyForDeploymentPostprocessing = 0;
		};
		2708B6771BE43412003C4A2B /* Sources */ = {
			isa = PBXSourcesBuildPhase;
			buildActionMask = 2147483647;
			files = (
				2708B6801BE43412003C4A2B /* PocketFacilitatorUITests.m in Sources */,
			);
			runOnlyForDeploymentPostprocessing = 0;
		};
/* End PBXSourcesBuildPhase section */

/* Begin PBXTargetDependency section */
		2708B6721BE43412003C4A2B /* PBXTargetDependency */ = {
			isa = PBXTargetDependency;
			target = 2708B6531BE43411003C4A2B /* PocketFacilitator */;
			targetProxy = 2708B6711BE43412003C4A2B /* PBXContainerItemProxy */;
		};
		2708B67D1BE43412003C4A2B /* PBXTargetDependency */ = {
			isa = PBXTargetDependency;
			target = 2708B6531BE43411003C4A2B /* PocketFacilitator */;
			targetProxy = 2708B67C1BE43412003C4A2B /* PBXContainerItemProxy */;
		};
/* End PBXTargetDependency section */

/* Begin PBXVariantGroup section */
		2708B6631BE43411003C4A2B /* Main.storyboard */ = {
			isa = PBXVariantGroup;
			children = (
				2708B6641BE43411003C4A2B /* Base */,
			);
			name = Main.storyboard;
			sourceTree = "<group>";
		};
		2708B6681BE43411003C4A2B /* LaunchScreen.storyboard */ = {
			isa = PBXVariantGroup;
			children = (
				2708B6691BE43411003C4A2B /* Base */,
			);
			name = LaunchScreen.storyboard;
			sourceTree = "<group>";
		};
/* End PBXVariantGroup section */

/* Begin XCBuildConfiguration section */
		2708B6821BE43412003C4A2B /* Debug */ = {
			isa = XCBuildConfiguration;
			buildSettings = {
				ALWAYS_SEARCH_USER_PATHS = NO;
				CLANG_CXX_LANGUAGE_STANDARD = "gnu++0x";
				CLANG_CXX_LIBRARY = "libc++";
				CLANG_ENABLE_MODULES = YES;
				CLANG_ENABLE_OBJC_ARC = YES;
				CLANG_WARN_BOOL_CONVERSION = YES;
				CLANG_WARN_CONSTANT_CONVERSION = YES;
				CLANG_WARN_DIRECT_OBJC_ISA_USAGE = YES_ERROR;
				CLANG_WARN_EMPTY_BODY = YES;
				CLANG_WARN_ENUM_CONVERSION = YES;
				CLANG_WARN_INT_CONVERSION = YES;
				CLANG_WARN_OBJC_ROOT_CLASS = YES_ERROR;
				CLANG_WARN_UNREACHABLE_CODE = YES;
				CLANG_WARN__DUPLICATE_METHOD_MATCH = YES;
				"CODE_SIGN_IDENTITY[sdk=iphoneos*]" = "iPhone Developer";
				COPY_PHASE_STRIP = NO;
				DEBUG_INFORMATION_FORMAT = dwarf;
				ENABLE_STRICT_OBJC_MSGSEND = YES;
				ENABLE_TESTABILITY = YES;
				GCC_C_LANGUAGE_STANDARD = gnu99;
				GCC_DYNAMIC_NO_PIC = NO;
				GCC_NO_COMMON_BLOCKS = YES;
				GCC_OPTIMIZATION_LEVEL = 0;
				GCC_PREPROCESSOR_DEFINITIONS = (
					"DEBUG=1",
					"$(inherited)",
				);
				GCC_WARN_64_TO_32_BIT_CONVERSION = YES;
				GCC_WARN_ABOUT_RETURN_TYPE = YES_ERROR;
				GCC_WARN_UNDECLARED_SELECTOR = YES;
				GCC_WARN_UNINITIALIZED_AUTOS = YES_AGGRESSIVE;
				GCC_WARN_UNUSED_FUNCTION = YES;
				GCC_WARN_UNUSED_VARIABLE = YES;
				IPHONEOS_DEPLOYMENT_TARGET = 9.1;
				MTL_ENABLE_DEBUG_INFO = YES;
				ONLY_ACTIVE_ARCH = YES;
				SDKROOT = iphoneos;
				TARGETED_DEVICE_FAMILY = "1,2";
			};
			name = Debug;
		};
		2708B6831BE43412003C4A2B /* Release */ = {
			isa = XCBuildConfiguration;
			buildSettings = {
				ALWAYS_SEARCH_USER_PATHS = NO;
				CLANG_CXX_LANGUAGE_STANDARD = "gnu++0x";
				CLANG_CXX_LIBRARY = "libc++";
				CLANG_ENABLE_MODULES = YES;
				CLANG_ENABLE_OBJC_ARC = YES;
				CLANG_WARN_BOOL_CONVERSION = YES;
				CLANG_WARN_CONSTANT_CONVERSION = YES;
				CLANG_WARN_DIRECT_OBJC_ISA_USAGE = YES_ERROR;
				CLANG_WARN_EMPTY_BODY = YES;
				CLANG_WARN_ENUM_CONVERSION = YES;
				CLANG_WARN_INT_CONVERSION = YES;
				CLANG_WARN_OBJC_ROOT_CLASS = YES_ERROR;
				CLANG_WARN_UNREACHABLE_CODE = YES;
				CLANG_WARN__DUPLICATE_METHOD_MATCH = YES;
				"CODE_SIGN_IDENTITY[sdk=iphoneos*]" = "iPhone Developer";
				COPY_PHASE_STRIP = NO;
				DEBUG_INFORMATION_FORMAT = "dwarf-with-dsym";
				ENABLE_NS_ASSERTIONS = NO;
				ENABLE_STRICT_OBJC_MSGSEND = YES;
				GCC_C_LANGUAGE_STANDARD = gnu99;
				GCC_NO_COMMON_BLOCKS = YES;
				GCC_WARN_64_TO_32_BIT_CONVERSION = YES;
				GCC_WARN_ABOUT_RETURN_TYPE = YES_ERROR;
				GCC_WARN_UNDECLARED_SELECTOR = YES;
				GCC_WARN_UNINITIALIZED_AUTOS = YES_AGGRESSIVE;
				GCC_WARN_UNUSED_FUNCTION = YES;
				GCC_WARN_UNUSED_VARIABLE = YES;
				IPHONEOS_DEPLOYMENT_TARGET = 9.1;
				MTL_ENABLE_DEBUG_INFO = NO;
				SDKROOT = iphoneos;
				TARGETED_DEVICE_FAMILY = "1,2";
				VALIDATE_PRODUCT = YES;
			};
			name = Release;
		};
		2708B6851BE43412003C4A2B /* Debug */ = {
			isa = XCBuildConfiguration;
			buildSettings = {
				ASSETCATALOG_COMPILER_APPICON_NAME = AppIcon;
				INFOPLIST_FILE = PocketFacilitator/Info.plist;
				LD_RUNPATH_SEARCH_PATHS = "$(inherited) @executable_path/Frameworks";
				PRODUCT_BUNDLE_IDENTIFIER = com.nicksapps.PocketFacilitator;
				PRODUCT_NAME = "$(TARGET_NAME)";
			};
			name = Debug;
		};
		2708B6861BE43412003C4A2B /* Release */ = {
			isa = XCBuildConfiguration;
			buildSettings = {
				ASSETCATALOG_COMPILER_APPICON_NAME = AppIcon;
				INFOPLIST_FILE = PocketFacilitator/Info.plist;
				LD_RUNPATH_SEARCH_PATHS = "$(inherited) @executable_path/Frameworks";
				PRODUCT_BUNDLE_IDENTIFIER = com.nicksapps.PocketFacilitator;
				PRODUCT_NAME = "$(TARGET_NAME)";
			};
			name = Release;
		};
		2708B6881BE43412003C4A2B /* Debug */ = {
			isa = XCBuildConfiguration;
			buildSettings = {
				BUNDLE_LOADER = "$(TEST_HOST)";
				INFOPLIST_FILE = PocketFacilitatorTests/Info.plist;
				LD_RUNPATH_SEARCH_PATHS = "$(inherited) @executable_path/Frameworks @loader_path/Frameworks";
				PRODUCT_BUNDLE_IDENTIFIER = com.nicksapps.PocketFacilitatorTests;
				PRODUCT_NAME = "$(TARGET_NAME)";
				TEST_HOST = "$(BUILT_PRODUCTS_DIR)/PocketFacilitator.app/PocketFacilitator";
			};
			name = Debug;
		};
		2708B6891BE43412003C4A2B /* Release */ = {
			isa = XCBuildConfiguration;
			buildSettings = {
				BUNDLE_LOADER = "$(TEST_HOST)";
				INFOPLIST_FILE = PocketFacilitatorTests/Info.plist;
				LD_RUNPATH_SEARCH_PATHS = "$(inherited) @executable_path/Frameworks @loader_path/Frameworks";
				PRODUCT_BUNDLE_IDENTIFIER = com.nicksapps.PocketFacilitatorTests;
				PRODUCT_NAME = "$(TARGET_NAME)";
				TEST_HOST = "$(BUILT_PRODUCTS_DIR)/PocketFacilitator.app/PocketFacilitator";
			};
			name = Release;
		};
		2708B68B1BE43412003C4A2B /* Debug */ = {
			isa = XCBuildConfiguration;
			buildSettings = {
				INFOPLIST_FILE = PocketFacilitatorUITests/Info.plist;
				LD_RUNPATH_SEARCH_PATHS = "$(inherited) @executable_path/Frameworks @loader_path/Frameworks";
				PRODUCT_BUNDLE_IDENTIFIER = com.nicksapps.PocketFacilitatorUITests;
				PRODUCT_NAME = "$(TARGET_NAME)";
				TEST_TARGET_NAME = PocketFacilitator;
				USES_XCTRUNNER = YES;
			};
			name = Debug;
		};
		2708B68C1BE43412003C4A2B /* Release */ = {
			isa = XCBuildConfiguration;
			buildSettings = {
				INFOPLIST_FILE = PocketFacilitatorUITests/Info.plist;
				LD_RUNPATH_SEARCH_PATHS = "$(inherited) @executable_path/Frameworks @loader_path/Frameworks";
				PRODUCT_BUNDLE_IDENTIFIER = com.nicksapps.PocketFacilitatorUITests;
				PRODUCT_NAME = "$(TARGET_NAME)";
				TEST_TARGET_NAME = PocketFacilitator;
				USES_XCTRUNNER = YES;
			};
			name = Release;
		};
/* End XCBuildConfiguration section */

/* Begin XCConfigurationList section */
		2708B64F1BE43411003C4A2B /* Build configuration list for PBXProject "PocketFacilitator" */ = {
			isa = XCConfigurationList;
			buildConfigurations = (
				2708B6821BE43412003C4A2B /* Debug */,
				2708B6831BE43412003C4A2B /* Release */,
			);
			defaultConfigurationIsVisible = 0;
			defaultConfigurationName = Release;
		};
		2708B6841BE43412003C4A2B /* Build configuration list for PBXNativeTarget "PocketFacilitator" */ = {
			isa = XCConfigurationList;
			buildConfigurations = (
				2708B6851BE43412003C4A2B /* Debug */,
				2708B6861BE43412003C4A2B /* Release */,
			);
			defaultConfigurationIsVisible = 0;
		};
		2708B6871BE43412003C4A2B /* Build configuration list for PBXNativeTarget "PocketFacilitatorTests" */ = {
			isa = XCConfigurationList;
			buildConfigurations = (
				2708B6881BE43412003C4A2B /* Debug */,
				2708B6891BE43412003C4A2B /* Release */,
			);
			defaultConfigurationIsVisible = 0;
		};
		2708B68A1BE43412003C4A2B /* Build configuration list for PBXNativeTarget "PocketFacilitatorUITests" */ = {
			isa = XCConfigurationList;
			buildConfigurations = (
				2708B68B1BE43412003C4A2B /* Debug */,
				2708B68C1BE43412003C4A2B /* Release */,
			);
			defaultConfigurationIsVisible = 0;
		};
/* End XCConfigurationList section */
	};
	rootObject = 2708B64C1BE43411003C4A2B /* Project object */;
}
