// !$*UTF8*$!
{
	archiveVersion = 1;
	classes = {
	};
	objectVersion = 46;
	objects = {

/* Begin PBXBuildFile section */
		2708B6591BE43411003C4A2B /* main.m in Sources */ = {isa = PBXBuildFile; fileRef = 2708B6581BE43411003C4A2B /* main.m */; };
		2708B65C1BE43411003C4A2B /* AppDelegate.m in Sources */ = {isa = PBXBuildFile; fileRef = 2708B65B1BE43411003C4A2B /* AppDelegate.m */; };
		2708B6651BE43411003C4A2B /* Main.storyboard in Resources */ = {isa = PBXBuildFile; fileRef = 2708B6631BE43411003C4A2B /* Main.storyboard */; };
		2708B6671BE43411003C4A2B /* Assets.xcassets in Resources */ = {isa = PBXBuildFile; fileRef = 2708B6661BE43411003C4A2B /* Assets.xcassets */; };
		2708B66A1BE43411003C4A2B /* LaunchScreen.storyboard in Resources */ = {isa = PBXBuildFile; fileRef = 2708B6681BE43411003C4A2B /* LaunchScreen.storyboard */; };
		2708B6751BE43412003C4A2B /* PocketFacilitatorTests.m in Sources */ = {isa = PBXBuildFile; fileRef = 2708B6741BE43412003C4A2B /* PocketFacilitatorTests.m */; };
		2708B6801BE43412003C4A2B /* PocketFacilitatorUITests.m in Sources */ = {isa = PBXBuildFile; fileRef = 2708B67F1BE43412003C4A2B /* PocketFacilitatorUITests.m */; };
		276E95B21BF56A5800117387 /* PocketFacilitator.db in Resources */ = {isa = PBXBuildFile; fileRef = 276E95B11BF56A5800117387 /* PocketFacilitator.db */; };
		276E95B51BF56AB400117387 /* LowElementsDetails.m in Sources */ = {isa = PBXBuildFile; fileRef = 276E95B41BF56AB400117387 /* LowElementsDetails.m */; };
		276E95BB1BF56DCF00117387 /* LowElementsTableViewCell.m in Sources */ = {isa = PBXBuildFile; fileRef = 276E95BA1BF56DCF00117387 /* LowElementsTableViewCell.m */; };
		27711BF11BEE84C200B3BAE6 /* PocketFacilitator.xcdatamodeld in Sources */ = {isa = PBXBuildFile; fileRef = 27711BEF1BEE84C200B3BAE6 /* PocketFacilitator.xcdatamodeld */; };
		278ED5461BEEDE2C00EB0B71 /* CoreData.framework in Frameworks */ = {isa = PBXBuildFile; fileRef = 278ED5451BEEDE2C00EB0B71 /* CoreData.framework */; };
		278ED5541BEEF4EB00EB0B71 /* libsqlite3.0.tbd in Frameworks */ = {isa = PBXBuildFile; fileRef = 278ED5531BEEF4EB00EB0B71 /* libsqlite3.0.tbd */; };
		278ED55B1BEF0FA800EB0B71 /* ElementsFromDatabase.m in Sources */ = {isa = PBXBuildFile; fileRef = 278ED55A1BEF0FA800EB0B71 /* ElementsFromDatabase.m */; };
		278ED55E1BEF12D000EB0B71 /* HighElementsDetails.m in Sources */ = {isa = PBXBuildFile; fileRef = 278ED55D1BEF12D000EB0B71 /* HighElementsDetails.m */; };
		278ED5611BEF23CD00EB0B71 /* ElementsTableViewCell.m in Sources */ = {isa = PBXBuildFile; fileRef = 278ED5601BEF23CD00EB0B71 /* ElementsTableViewCell.m */; };
		278ED5641BEF39E100EB0B71 /* ElementsDetailViewTableViewController.m in Sources */ = {isa = PBXBuildFile; fileRef = 278ED5631BEF39E100EB0B71 /* ElementsDetailViewTableViewController.m */; };
		27C44A351BE556D2000D01D8 /* ProfileViewController.m in Sources */ = {isa = PBXBuildFile; fileRef = 27C44A341BE556D2000D01D8 /* ProfileViewController.m */; };
		27C44A3E1BE55D0F000D01D8 /* ShopSynergoViewController.m in Sources */ = {isa = PBXBuildFile; fileRef = 27C44A3D1BE55D0F000D01D8 /* ShopSynergoViewController.m */; };
		27C44A451BE56A2E000D01D8 /* UIColor+UIColor_SynergoColors.m in Sources */ = {isa = PBXBuildFile; fileRef = 27C44A441BE56A2E000D01D8 /* UIColor+UIColor_SynergoColors.m */; };
		27C44A8C1BE7D38D000D01D8 /* QuartzCore.framework in Frameworks */ = {isa = PBXBuildFile; fileRef = 27C44A8B1BE7D38D000D01D8 /* QuartzCore.framework */; };
		27EF836E1BECA5DD00B7F96D /* HighElementsTableViewController.m in Sources */ = {isa = PBXBuildFile; fileRef = 27EF836D1BECA5DD00B7F96D /* HighElementsTableViewController.m */; };
		27EF83711BECA5EC00B7F96D /* LowElementsTableViewController.m in Sources */ = {isa = PBXBuildFile; fileRef = 27EF83701BECA5EC00B7F96D /* LowElementsTableViewController.m */; };
		27F1700C1BEB602B0052A758 /* SystemConfiguration.framework in Frameworks */ = {isa = PBXBuildFile; fileRef = 27F1700B1BEB602B0052A758 /* SystemConfiguration.framework */; };
		27F1702F1BEC871D0052A758 /* DesiredOutcomesTableViewController.m in Sources */ = {isa = PBXBuildFile; fileRef = 27F1702E1BEC871D0052A758 /* DesiredOutcomesTableViewController.m */; };
		27F1703B1BEC8F4A0052A758 /* OpenSans-Bold.ttf in Resources */ = {isa = PBXBuildFile; fileRef = 27F170311BEC8F4A0052A758 /* OpenSans-Bold.ttf */; };
		27F1703C1BEC8F4A0052A758 /* OpenSans-BoldItalic.ttf in Resources */ = {isa = PBXBuildFile; fileRef = 27F170321BEC8F4A0052A758 /* OpenSans-BoldItalic.ttf */; };
		27F1703D1BEC8F4A0052A758 /* OpenSans-ExtraBold.ttf in Resources */ = {isa = PBXBuildFile; fileRef = 27F170331BEC8F4A0052A758 /* OpenSans-ExtraBold.ttf */; };
		27F1703E1BEC8F4A0052A758 /* OpenSans-ExtraBoldItalic.ttf in Resources */ = {isa = PBXBuildFile; fileRef = 27F170341BEC8F4A0052A758 /* OpenSans-ExtraBoldItalic.ttf */; };
		27F1703F1BEC8F4A0052A758 /* OpenSans-Italic.ttf in Resources */ = {isa = PBXBuildFile; fileRef = 27F170351BEC8F4A0052A758 /* OpenSans-Italic.ttf */; };
		27F170401BEC8F4A0052A758 /* OpenSans-Light.ttf in Resources */ = {isa = PBXBuildFile; fileRef = 27F170361BEC8F4A0052A758 /* OpenSans-Light.ttf */; };
		27F170411BEC8F4A0052A758 /* OpenSans-LightItalic.ttf in Resources */ = {isa = PBXBuildFile; fileRef = 27F170371BEC8F4A0052A758 /* OpenSans-LightItalic.ttf */; };
		27F170421BEC8F4A0052A758 /* OpenSans-Regular.ttf in Resources */ = {isa = PBXBuildFile; fileRef = 27F170381BEC8F4A0052A758 /* OpenSans-Regular.ttf */; };
		27F170431BEC8F4A0052A758 /* OpenSans-Semibold.ttf in Resources */ = {isa = PBXBuildFile; fileRef = 27F170391BEC8F4A0052A758 /* OpenSans-Semibold.ttf */; };
		27F170441BEC8F4A0052A758 /* OpenSans-SemiboldItalic.ttf in Resources */ = {isa = PBXBuildFile; fileRef = 27F1703A1BEC8F4A0052A758 /* OpenSans-SemiboldItalic.ttf */; };
		27F170541BEC8F660052A758 /* Oswald-Bold.ttf in Resources */ = {isa = PBXBuildFile; fileRef = 27F170451BEC8F660052A758 /* Oswald-Bold.ttf */; };
		27F170551BEC8F660052A758 /* Oswald-BoldItalic.ttf in Resources */ = {isa = PBXBuildFile; fileRef = 27F170461BEC8F660052A758 /* Oswald-BoldItalic.ttf */; };
		27F170561BEC8F660052A758 /* Oswald-Demi-BoldItalic.ttf in Resources */ = {isa = PBXBuildFile; fileRef = 27F170471BEC8F660052A758 /* Oswald-Demi-BoldItalic.ttf */; };
		27F170571BEC8F660052A758 /* Oswald-DemiBold.ttf in Resources */ = {isa = PBXBuildFile; fileRef = 27F170481BEC8F660052A758 /* Oswald-DemiBold.ttf */; };
		27F170581BEC8F660052A758 /* Oswald-Extra-LightItalic.ttf in Resources */ = {isa = PBXBuildFile; fileRef = 27F170491BEC8F660052A758 /* Oswald-Extra-LightItalic.ttf */; };
		27F170591BEC8F660052A758 /* Oswald-ExtraLight.ttf in Resources */ = {isa = PBXBuildFile; fileRef = 27F1704A1BEC8F660052A758 /* Oswald-ExtraLight.ttf */; };
		27F1705A1BEC8F660052A758 /* Oswald-Heavy.ttf in Resources */ = {isa = PBXBuildFile; fileRef = 27F1704B1BEC8F660052A758 /* Oswald-Heavy.ttf */; };
		27F1705B1BEC8F660052A758 /* Oswald-HeavyItalic.ttf in Resources */ = {isa = PBXBuildFile; fileRef = 27F1704C1BEC8F660052A758 /* Oswald-HeavyItalic.ttf */; };
		27F1705C1BEC8F660052A758 /* Oswald-Light.ttf in Resources */ = {isa = PBXBuildFile; fileRef = 27F1704D1BEC8F660052A758 /* Oswald-Light.ttf */; };
		27F1705D1BEC8F660052A758 /* Oswald-LightItalic.ttf in Resources */ = {isa = PBXBuildFile; fileRef = 27F1704E1BEC8F660052A758 /* Oswald-LightItalic.ttf */; };
		27F1705E1BEC8F660052A758 /* Oswald-Medium.ttf in Resources */ = {isa = PBXBuildFile; fileRef = 27F1704F1BEC8F660052A758 /* Oswald-Medium.ttf */; };
		27F1705F1BEC8F660052A758 /* Oswald-MediumItalic.ttf in Resources */ = {isa = PBXBuildFile; fileRef = 27F170501BEC8F660052A758 /* Oswald-MediumItalic.ttf */; };
		27F170601BEC8F660052A758 /* Oswald-Regular.ttf in Resources */ = {isa = PBXBuildFile; fileRef = 27F170511BEC8F660052A758 /* Oswald-Regular.ttf */; };
		27F170611BEC8F660052A758 /* Oswald-RegularItalic.ttf in Resources */ = {isa = PBXBuildFile; fileRef = 27F170521BEC8F660052A758 /* Oswald-RegularItalic.ttf */; };
		27F170621BEC8F660052A758 /* Oswald-Stencil.ttf in Resources */ = {isa = PBXBuildFile; fileRef = 27F170531BEC8F660052A758 /* Oswald-Stencil.ttf */; };
		27F1706B1BEC8F760052A758 /* Montserrat-Black.otf in Resources */ = {isa = PBXBuildFile; fileRef = 27F170631BEC8F760052A758 /* Montserrat-Black.otf */; };
		27F1706C1BEC8F760052A758 /* Montserrat-Bold.otf in Resources */ = {isa = PBXBuildFile; fileRef = 27F170641BEC8F760052A758 /* Montserrat-Bold.otf */; };
		27F1706D1BEC8F760052A758 /* Montserrat-ExtraBold.otf in Resources */ = {isa = PBXBuildFile; fileRef = 27F170651BEC8F760052A758 /* Montserrat-ExtraBold.otf */; };
		27F1706E1BEC8F760052A758 /* Montserrat-Hairline.otf in Resources */ = {isa = PBXBuildFile; fileRef = 27F170661BEC8F760052A758 /* Montserrat-Hairline.otf */; };
		27F1706F1BEC8F760052A758 /* Montserrat-Light.otf in Resources */ = {isa = PBXBuildFile; fileRef = 27F170671BEC8F760052A758 /* Montserrat-Light.otf */; };
		27F170701BEC8F760052A758 /* Montserrat-Regular.otf in Resources */ = {isa = PBXBuildFile; fileRef = 27F170681BEC8F760052A758 /* Montserrat-Regular.otf */; };
		27F170711BEC8F760052A758 /* Montserrat-SemiBold.otf in Resources */ = {isa = PBXBuildFile; fileRef = 27F170691BEC8F760052A758 /* Montserrat-SemiBold.otf */; };
		27F170721BEC8F760052A758 /* Montserrat-UltraLight.otf in Resources */ = {isa = PBXBuildFile; fileRef = 27F1706A1BEC8F760052A758 /* Montserrat-UltraLight.otf */; };
		27F170861BEC9D2D0052A758 /* SVIndefiniteAnimatedView.m in Sources */ = {isa = PBXBuildFile; fileRef = 27F1707F1BEC9D2D0052A758 /* SVIndefiniteAnimatedView.m */; };
		27F170871BEC9D2D0052A758 /* SVProgressHUD.bundle in Resources */ = {isa = PBXBuildFile; fileRef = 27F170811BEC9D2D0052A758 /* SVProgressHUD.bundle */; };
		27F170881BEC9D2D0052A758 /* SVProgressHUD.m in Sources */ = {isa = PBXBuildFile; fileRef = 27F170831BEC9D2D0052A758 /* SVProgressHUD.m */; };
		27F170891BEC9D2D0052A758 /* SVRadialGradientLayer.m in Sources */ = {isa = PBXBuildFile; fileRef = 27F170851BEC9D2D0052A758 /* SVRadialGradientLayer.m */; };
		27F3C41C1BF47FF6008CB992 /* ElementsTableViewController.m in Sources */ = {isa = PBXBuildFile; fileRef = 27F3C41B1BF47FF6008CB992 /* ElementsTableViewController.m */; };
/* End PBXBuildFile section */

/* Begin PBXContainerItemProxy section */
		2708B6711BE43412003C4A2B /* PBXContainerItemProxy */ = {
			isa = PBXContainerItemProxy;
			containerPortal = 2708B64C1BE43411003C4A2B /* Project object */;
			proxyType = 1;
			remoteGlobalIDString = 2708B6531BE43411003C4A2B;
			remoteInfo = PocketFacilitator;
		};
		2708B67C1BE43412003C4A2B /* PBXContainerItemProxy */ = {
			isa = PBXContainerItemProxy;
			containerPortal = 2708B64C1BE43411003C4A2B /* Project object */;
			proxyType = 1;
			remoteGlobalIDString = 2708B6531BE43411003C4A2B;
			remoteInfo = PocketFacilitator;
		};
/* End PBXContainerItemProxy section */

/* Begin PBXFileReference section */
		2708B6541BE43411003C4A2B /* PocketFacilitator.app */ = {isa = PBXFileReference; explicitFileType = wrapper.application; includeInIndex = 0; path = PocketFacilitator.app; sourceTree = BUILT_PRODUCTS_DIR; };
		2708B6581BE43411003C4A2B /* main.m */ = {isa = PBXFileReference; lastKnownFileType = sourcecode.c.objc; path = main.m; sourceTree = "<group>"; };
		2708B65A1BE43411003C4A2B /* AppDelegate.h */ = {isa = PBXFileReference; lastKnownFileType = sourcecode.c.h; path = AppDelegate.h; sourceTree = "<group>"; };
		2708B65B1BE43411003C4A2B /* AppDelegate.m */ = {isa = PBXFileReference; lastKnownFileType = sourcecode.c.objc; path = AppDelegate.m; sourceTree = "<group>"; };
		2708B6641BE43411003C4A2B /* Base */ = {isa = PBXFileReference; lastKnownFileType = file.storyboard; name = Base; path = Base.lproj/Main.storyboard; sourceTree = "<group>"; };
		2708B6661BE43411003C4A2B /* Assets.xcassets */ = {isa = PBXFileReference; lastKnownFileType = folder.assetcatalog; path = Assets.xcassets; sourceTree = "<group>"; };
		2708B6691BE43411003C4A2B /* Base */ = {isa = PBXFileReference; lastKnownFileType = file.storyboard; name = Base; path = Base.lproj/LaunchScreen.storyboard; sourceTree = "<group>"; };
		2708B66B1BE43411003C4A2B /* Info.plist */ = {isa = PBXFileReference; lastKnownFileType = text.plist.xml; path = Info.plist; sourceTree = "<group>"; };
		2708B6701BE43412003C4A2B /* PocketFacilitatorTests.xctest */ = {isa = PBXFileReference; explicitFileType = wrapper.cfbundle; includeInIndex = 0; path = PocketFacilitatorTests.xctest; sourceTree = BUILT_PRODUCTS_DIR; };
		2708B6741BE43412003C4A2B /* PocketFacilitatorTests.m */ = {isa = PBXFileReference; lastKnownFileType = sourcecode.c.objc; path = PocketFacilitatorTests.m; sourceTree = "<group>"; };
		2708B6761BE43412003C4A2B /* Info.plist */ = {isa = PBXFileReference; lastKnownFileType = text.plist.xml; path = Info.plist; sourceTree = "<group>"; };
		2708B67B1BE43412003C4A2B /* PocketFacilitatorUITests.xctest */ = {isa = PBXFileReference; explicitFileType = wrapper.cfbundle; includeInIndex = 0; path = PocketFacilitatorUITests.xctest; sourceTree = BUILT_PRODUCTS_DIR; };
		2708B67F1BE43412003C4A2B /* PocketFacilitatorUITests.m */ = {isa = PBXFileReference; lastKnownFileType = sourcecode.c.objc; path = PocketFacilitatorUITests.m; sourceTree = "<group>"; };
		2708B6811BE43412003C4A2B /* Info.plist */ = {isa = PBXFileReference; lastKnownFileType = text.plist.xml; path = Info.plist; sourceTree = "<group>"; };
		276E95B11BF56A5800117387 /* PocketFacilitator.db */ = {isa = PBXFileReference; lastKnownFileType = file; path = PocketFacilitator.db; sourceTree = "<group>"; };
		276E95B31BF56AB400117387 /* LowElementsDetails.h */ = {isa = PBXFileReference; fileEncoding = 4; lastKnownFileType = sourcecode.c.h; path = LowElementsDetails.h; sourceTree = "<group>"; };
		276E95B41BF56AB400117387 /* LowElementsDetails.m */ = {isa = PBXFileReference; fileEncoding = 4; lastKnownFileType = sourcecode.c.objc; path = LowElementsDetails.m; sourceTree = "<group>"; };
		276E95B91BF56DCF00117387 /* LowElementsTableViewCell.h */ = {isa = PBXFileReference; fileEncoding = 4; lastKnownFileType = sourcecode.c.h; path = LowElementsTableViewCell.h; sourceTree = "<group>"; };
		276E95BA1BF56DCF00117387 /* LowElementsTableViewCell.m */ = {isa = PBXFileReference; fileEncoding = 4; lastKnownFileType = sourcecode.c.objc; path = LowElementsTableViewCell.m; sourceTree = "<group>"; };
		27711BF01BEE84C200B3BAE6 /* PocketFacilitator.xcdatamodel */ = {isa = PBXFileReference; lastKnownFileType = wrapper.xcdatamodel; path = PocketFacilitator.xcdatamodel; sourceTree = "<group>"; };
		278ED5451BEEDE2C00EB0B71 /* CoreData.framework */ = {isa = PBXFileReference; lastKnownFileType = wrapper.framework; name = CoreData.framework; path = System/Library/Frameworks/CoreData.framework; sourceTree = SDKROOT; };
		278ED5531BEEF4EB00EB0B71 /* libsqlite3.0.tbd */ = {isa = PBXFileReference; lastKnownFileType = "sourcecode.text-based-dylib-definition"; name = libsqlite3.0.tbd; path = usr/lib/libsqlite3.0.tbd; sourceTree = SDKROOT; };
		278ED5591BEF0FA800EB0B71 /* ElementsFromDatabase.h */ = {isa = PBXFileReference; fileEncoding = 4; lastKnownFileType = sourcecode.c.h; path = ElementsFromDatabase.h; sourceTree = "<group>"; };
		278ED55A1BEF0FA800EB0B71 /* ElementsFromDatabase.m */ = {isa = PBXFileReference; fileEncoding = 4; lastKnownFileType = sourcecode.c.objc; path = ElementsFromDatabase.m; sourceTree = "<group>"; };
		278ED55C1BEF12D000EB0B71 /* HighElementsDetails.h */ = {isa = PBXFileReference; fileEncoding = 4; lastKnownFileType = sourcecode.c.h; path = HighElementsDetails.h; sourceTree = "<group>"; };
		278ED55D1BEF12D000EB0B71 /* HighElementsDetails.m */ = {isa = PBXFileReference; fileEncoding = 4; lastKnownFileType = sourcecode.c.objc; path = HighElementsDetails.m; sourceTree = "<group>"; };
		278ED55F1BEF23CD00EB0B71 /* ElementsTableViewCell.h */ = {isa = PBXFileReference; fileEncoding = 4; lastKnownFileType = sourcecode.c.h; path = ElementsTableViewCell.h; sourceTree = "<group>"; };
		278ED5601BEF23CD00EB0B71 /* ElementsTableViewCell.m */ = {isa = PBXFileReference; fileEncoding = 4; lastKnownFileType = sourcecode.c.objc; path = ElementsTableViewCell.m; sourceTree = "<group>"; };
		278ED5621BEF39E100EB0B71 /* ElementsDetailViewTableViewController.h */ = {isa = PBXFileReference; fileEncoding = 4; lastKnownFileType = sourcecode.c.h; path = ElementsDetailViewTableViewController.h; sourceTree = "<group>"; };
		278ED5631BEF39E100EB0B71 /* ElementsDetailViewTableViewController.m */ = {isa = PBXFileReference; fileEncoding = 4; lastKnownFileType = sourcecode.c.objc; path = ElementsDetailViewTableViewController.m; sourceTree = "<group>"; };
		27C44A331BE556D2000D01D8 /* ProfileViewController.h */ = {isa = PBXFileReference; fileEncoding = 4; lastKnownFileType = sourcecode.c.h; path = ProfileViewController.h; sourceTree = "<group>"; };
		27C44A341BE556D2000D01D8 /* ProfileViewController.m */ = {isa = PBXFileReference; fileEncoding = 4; lastKnownFileType = sourcecode.c.objc; path = ProfileViewController.m; sourceTree = "<group>"; };
		27C44A3C1BE55D0F000D01D8 /* ShopSynergoViewController.h */ = {isa = PBXFileReference; fileEncoding = 4; lastKnownFileType = sourcecode.c.h; name = ShopSynergoViewController.h; path = ../ShopSynergoViewController.h; sourceTree = "<group>"; };
		27C44A3D1BE55D0F000D01D8 /* ShopSynergoViewController.m */ = {isa = PBXFileReference; fileEncoding = 4; lastKnownFileType = sourcecode.c.objc; name = ShopSynergoViewController.m; path = ../ShopSynergoViewController.m; sourceTree = "<group>"; };
		27C44A431BE56A2E000D01D8 /* UIColor+UIColor_SynergoColors.h */ = {isa = PBXFileReference; fileEncoding = 4; lastKnownFileType = sourcecode.c.h; path = "UIColor+UIColor_SynergoColors.h"; sourceTree = "<group>"; };
		27C44A441BE56A2E000D01D8 /* UIColor+UIColor_SynergoColors.m */ = {isa = PBXFileReference; fileEncoding = 4; lastKnownFileType = sourcecode.c.objc; path = "UIColor+UIColor_SynergoColors.m"; sourceTree = "<group>"; };
		27C44A8B1BE7D38D000D01D8 /* QuartzCore.framework */ = {isa = PBXFileReference; lastKnownFileType = wrapper.framework; name = QuartzCore.framework; path = System/Library/Frameworks/QuartzCore.framework; sourceTree = SDKROOT; };
		27EF836C1BECA5DD00B7F96D /* HighElementsTableViewController.h */ = {isa = PBXFileReference; fileEncoding = 4; lastKnownFileType = sourcecode.c.h; name = HighElementsTableViewController.h; path = ../HighElementsTableViewController.h; sourceTree = "<group>"; };
		27EF836D1BECA5DD00B7F96D /* HighElementsTableViewController.m */ = {isa = PBXFileReference; fileEncoding = 4; lastKnownFileType = sourcecode.c.objc; name = HighElementsTableViewController.m; path = ../HighElementsTableViewController.m; sourceTree = "<group>"; };
		27EF836F1BECA5EC00B7F96D /* LowElementsTableViewController.h */ = {isa = PBXFileReference; fileEncoding = 4; lastKnownFileType = sourcecode.c.h; name = LowElementsTableViewController.h; path = ../LowElementsTableViewController.h; sourceTree = "<group>"; };
		27EF83701BECA5EC00B7F96D /* LowElementsTableViewController.m */ = {isa = PBXFileReference; fileEncoding = 4; lastKnownFileType = sourcecode.c.objc; name = LowElementsTableViewController.m; path = ../LowElementsTableViewController.m; sourceTree = "<group>"; };
		27F1700B1BEB602B0052A758 /* SystemConfiguration.framework */ = {isa = PBXFileReference; lastKnownFileType = wrapper.framework; name = SystemConfiguration.framework; path = System/Library/Frameworks/SystemConfiguration.framework; sourceTree = SDKROOT; };
		27F1702D1BEC871D0052A758 /* DesiredOutcomesTableViewController.h */ = {isa = PBXFileReference; fileEncoding = 4; lastKnownFileType = sourcecode.c.h; path = DesiredOutcomesTableViewController.h; sourceTree = "<group>"; };
		27F1702E1BEC871D0052A758 /* DesiredOutcomesTableViewController.m */ = {isa = PBXFileReference; fileEncoding = 4; lastKnownFileType = sourcecode.c.objc; path = DesiredOutcomesTableViewController.m; sourceTree = "<group>"; };
		27F170311BEC8F4A0052A758 /* OpenSans-Bold.ttf */ = {isa = PBXFileReference; lastKnownFileType = file; path = "OpenSans-Bold.ttf"; sourceTree = "<group>"; };
		27F170321BEC8F4A0052A758 /* OpenSans-BoldItalic.ttf */ = {isa = PBXFileReference; lastKnownFileType = file; path = "OpenSans-BoldItalic.ttf"; sourceTree = "<group>"; };
		27F170331BEC8F4A0052A758 /* OpenSans-ExtraBold.ttf */ = {isa = PBXFileReference; lastKnownFileType = file; path = "OpenSans-ExtraBold.ttf"; sourceTree = "<group>"; };
		27F170341BEC8F4A0052A758 /* OpenSans-ExtraBoldItalic.ttf */ = {isa = PBXFileReference; lastKnownFileType = file; path = "OpenSans-ExtraBoldItalic.ttf"; sourceTree = "<group>"; };
		27F170351BEC8F4A0052A758 /* OpenSans-Italic.ttf */ = {isa = PBXFileReference; lastKnownFileType = file; path = "OpenSans-Italic.ttf"; sourceTree = "<group>"; };
		27F170361BEC8F4A0052A758 /* OpenSans-Light.ttf */ = {isa = PBXFileReference; lastKnownFileType = file; path = "OpenSans-Light.ttf"; sourceTree = "<group>"; };
		27F170371BEC8F4A0052A758 /* OpenSans-LightItalic.ttf */ = {isa = PBXFileReference; lastKnownFileType = file; path = "OpenSans-LightItalic.ttf"; sourceTree = "<group>"; };
		27F170381BEC8F4A0052A758 /* OpenSans-Regular.ttf */ = {isa = PBXFileReference; lastKnownFileType = file; path = "OpenSans-Regular.ttf"; sourceTree = "<group>"; };
		27F170391BEC8F4A0052A758 /* OpenSans-Semibold.ttf */ = {isa = PBXFileReference; lastKnownFileType = file; path = "OpenSans-Semibold.ttf"; sourceTree = "<group>"; };
		27F1703A1BEC8F4A0052A758 /* OpenSans-SemiboldItalic.ttf */ = {isa = PBXFileReference; lastKnownFileType = file; path = "OpenSans-SemiboldItalic.ttf"; sourceTree = "<group>"; };
		27F170451BEC8F660052A758 /* Oswald-Bold.ttf */ = {isa = PBXFileReference; lastKnownFileType = file; path = "Oswald-Bold.ttf"; sourceTree = "<group>"; };
		27F170461BEC8F660052A758 /* Oswald-BoldItalic.ttf */ = {isa = PBXFileReference; lastKnownFileType = file; path = "Oswald-BoldItalic.ttf"; sourceTree = "<group>"; };
		27F170471BEC8F660052A758 /* Oswald-Demi-BoldItalic.ttf */ = {isa = PBXFileReference; lastKnownFileType = file; path = "Oswald-Demi-BoldItalic.ttf"; sourceTree = "<group>"; };
		27F170481BEC8F660052A758 /* Oswald-DemiBold.ttf */ = {isa = PBXFileReference; lastKnownFileType = file; path = "Oswald-DemiBold.ttf"; sourceTree = "<group>"; };
		27F170491BEC8F660052A758 /* Oswald-Extra-LightItalic.ttf */ = {isa = PBXFileReference; lastKnownFileType = file; path = "Oswald-Extra-LightItalic.ttf"; sourceTree = "<group>"; };
		27F1704A1BEC8F660052A758 /* Oswald-ExtraLight.ttf */ = {isa = PBXFileReference; lastKnownFileType = file; path = "Oswald-ExtraLight.ttf"; sourceTree = "<group>"; };
		27F1704B1BEC8F660052A758 /* Oswald-Heavy.ttf */ = {isa = PBXFileReference; lastKnownFileType = file; path = "Oswald-Heavy.ttf"; sourceTree = "<group>"; };
		27F1704C1BEC8F660052A758 /* Oswald-HeavyItalic.ttf */ = {isa = PBXFileReference; lastKnownFileType = file; path = "Oswald-HeavyItalic.ttf"; sourceTree = "<group>"; };
		27F1704D1BEC8F660052A758 /* Oswald-Light.ttf */ = {isa = PBXFileReference; lastKnownFileType = file; path = "Oswald-Light.ttf"; sourceTree = "<group>"; };
		27F1704E1BEC8F660052A758 /* Oswald-LightItalic.ttf */ = {isa = PBXFileReference; lastKnownFileType = file; path = "Oswald-LightItalic.ttf"; sourceTree = "<group>"; };
		27F1704F1BEC8F660052A758 /* Oswald-Medium.ttf */ = {isa = PBXFileReference; lastKnownFileType = file; path = "Oswald-Medium.ttf"; sourceTree = "<group>"; };
		27F170501BEC8F660052A758 /* Oswald-MediumItalic.ttf */ = {isa = PBXFileReference; lastKnownFileType = file; path = "Oswald-MediumItalic.ttf"; sourceTree = "<group>"; };
		27F170511BEC8F660052A758 /* Oswald-Regular.ttf */ = {isa = PBXFileReference; lastKnownFileType = file; path = "Oswald-Regular.ttf"; sourceTree = "<group>"; };
		27F170521BEC8F660052A758 /* Oswald-RegularItalic.ttf */ = {isa = PBXFileReference; lastKnownFileType = file; path = "Oswald-RegularItalic.ttf"; sourceTree = "<group>"; };
		27F170531BEC8F660052A758 /* Oswald-Stencil.ttf */ = {isa = PBXFileReference; lastKnownFileType = file; path = "Oswald-Stencil.ttf"; sourceTree = "<group>"; };
		27F170631BEC8F760052A758 /* Montserrat-Black.otf */ = {isa = PBXFileReference; lastKnownFileType = file; path = "Montserrat-Black.otf"; sourceTree = "<group>"; };
		27F170641BEC8F760052A758 /* Montserrat-Bold.otf */ = {isa = PBXFileReference; lastKnownFileType = file; path = "Montserrat-Bold.otf"; sourceTree = "<group>"; };
		27F170651BEC8F760052A758 /* Montserrat-ExtraBold.otf */ = {isa = PBXFileReference; lastKnownFileType = file; path = "Montserrat-ExtraBold.otf"; sourceTree = "<group>"; };
		27F170661BEC8F760052A758 /* Montserrat-Hairline.otf */ = {isa = PBXFileReference; lastKnownFileType = file; path = "Montserrat-Hairline.otf"; sourceTree = "<group>"; };
		27F170671BEC8F760052A758 /* Montserrat-Light.otf */ = {isa = PBXFileReference; lastKnownFileType = file; path = "Montserrat-Light.otf"; sourceTree = "<group>"; };
		27F170681BEC8F760052A758 /* Montserrat-Regular.otf */ = {isa = PBXFileReference; lastKnownFileType = file; path = "Montserrat-Regular.otf"; sourceTree = "<group>"; };
		27F170691BEC8F760052A758 /* Montserrat-SemiBold.otf */ = {isa = PBXFileReference; lastKnownFileType = file; path = "Montserrat-SemiBold.otf"; sourceTree = "<group>"; };
		27F1706A1BEC8F760052A758 /* Montserrat-UltraLight.otf */ = {isa = PBXFileReference; lastKnownFileType = file; path = "Montserrat-UltraLight.otf"; sourceTree = "<group>"; };
		27F1707E1BEC9D2D0052A758 /* SVIndefiniteAnimatedView.h */ = {isa = PBXFileReference; fileEncoding = 4; lastKnownFileType = sourcecode.c.h; path = SVIndefiniteAnimatedView.h; sourceTree = "<group>"; };
		27F1707F1BEC9D2D0052A758 /* SVIndefiniteAnimatedView.m */ = {isa = PBXFileReference; fileEncoding = 4; lastKnownFileType = sourcecode.c.objc; path = SVIndefiniteAnimatedView.m; sourceTree = "<group>"; };
		27F170801BEC9D2D0052A758 /* SVProgressHUD-Prefix.pch */ = {isa = PBXFileReference; fileEncoding = 4; lastKnownFileType = sourcecode.c.h; path = "SVProgressHUD-Prefix.pch"; sourceTree = "<group>"; };
		27F170811BEC9D2D0052A758 /* SVProgressHUD.bundle */ = {isa = PBXFileReference; lastKnownFileType = "wrapper.plug-in"; path = SVProgressHUD.bundle; sourceTree = "<group>"; };
		27F170821BEC9D2D0052A758 /* SVProgressHUD.h */ = {isa = PBXFileReference; fileEncoding = 4; lastKnownFileType = sourcecode.c.h; path = SVProgressHUD.h; sourceTree = "<group>"; };
		27F170831BEC9D2D0052A758 /* SVProgressHUD.m */ = {isa = PBXFileReference; fileEncoding = 4; lastKnownFileType = sourcecode.c.objc; path = SVProgressHUD.m; sourceTree = "<group>"; };
		27F170841BEC9D2D0052A758 /* SVRadialGradientLayer.h */ = {isa = PBXFileReference; fileEncoding = 4; lastKnownFileType = sourcecode.c.h; path = SVRadialGradientLayer.h; sourceTree = "<group>"; };
		27F170851BEC9D2D0052A758 /* SVRadialGradientLayer.m */ = {isa = PBXFileReference; fileEncoding = 4; lastKnownFileType = sourcecode.c.objc; path = SVRadialGradientLayer.m; sourceTree = "<group>"; };
		27F3C41A1BF47FF6008CB992 /* ElementsTableViewController.h */ = {isa = PBXFileReference; fileEncoding = 4; lastKnownFileType = sourcecode.c.h; path = ElementsTableViewController.h; sourceTree = "<group>"; };
		27F3C41B1BF47FF6008CB992 /* ElementsTableViewController.m */ = {isa = PBXFileReference; fileEncoding = 4; lastKnownFileType = sourcecode.c.objc; path = ElementsTableViewController.m; sourceTree = "<group>"; };
/* End PBXFileReference section */

/* Begin PBXFrameworksBuildPhase section */
		2708B6511BE43411003C4A2B /* Frameworks */ = {
			isa = PBXFrameworksBuildPhase;
			buildActionMask = 2147483647;
			files = (
				278ED5541BEEF4EB00EB0B71 /* libsqlite3.0.tbd in Frameworks */,
				278ED5461BEEDE2C00EB0B71 /* CoreData.framework in Frameworks */,
				27F1700C1BEB602B0052A758 /* SystemConfiguration.framework in Frameworks */,
				27C44A8C1BE7D38D000D01D8 /* QuartzCore.framework in Frameworks */,
			);
			runOnlyForDeploymentPostprocessing = 0;
		};
		2708B66D1BE43412003C4A2B /* Frameworks */ = {
			isa = PBXFrameworksBuildPhase;
			buildActionMask = 2147483647;
			files = (
			);
			runOnlyForDeploymentPostprocessing = 0;
		};
		2708B6781BE43412003C4A2B /* Frameworks */ = {
			isa = PBXFrameworksBuildPhase;
			buildActionMask = 2147483647;
			files = (
			);
			runOnlyForDeploymentPostprocessing = 0;
		};
/* End PBXFrameworksBuildPhase section */

/* Begin PBXGroup section */
		2708B64B1BE43411003C4A2B = {
			isa = PBXGroup;
			children = (
				276E95B31BF56AB400117387 /* LowElementsDetails.h */,
				276E95B41BF56AB400117387 /* LowElementsDetails.m */,
				278ED55C1BEF12D000EB0B71 /* HighElementsDetails.h */,
				278ED55D1BEF12D000EB0B71 /* HighElementsDetails.m */,
				278ED5591BEF0FA800EB0B71 /* ElementsFromDatabase.h */,
				278ED55A1BEF0FA800EB0B71 /* ElementsFromDatabase.m */,
				27711BEF1BEE84C200B3BAE6 /* PocketFacilitator.xcdatamodeld */,
				2708B6561BE43411003C4A2B /* PocketFacilitator */,
				2708B6731BE43412003C4A2B /* PocketFacilitatorTests */,
				2708B67E1BE43412003C4A2B /* PocketFacilitatorUITests */,
				2708B6551BE43411003C4A2B /* Products */,
			);
			sourceTree = "<group>";
		};
		2708B6551BE43411003C4A2B /* Products */ = {
			isa = PBXGroup;
			children = (
				2708B6541BE43411003C4A2B /* PocketFacilitator.app */,
				2708B6701BE43412003C4A2B /* PocketFacilitatorTests.xctest */,
				2708B67B1BE43412003C4A2B /* PocketFacilitatorUITests.xctest */,
			);
			name = Products;
			sourceTree = "<group>";
		};
		2708B6561BE43411003C4A2B /* PocketFacilitator */ = {
			isa = PBXGroup;
			children = (
				2708B6631BE43411003C4A2B /* Main.storyboard */,
				2708B65A1BE43411003C4A2B /* AppDelegate.h */,
				2708B65B1BE43411003C4A2B /* AppDelegate.m */,
				27C44A3F1BE55D31000D01D8 /* ViewControllers */,
				27C44AA91BE7D48E000D01D8 /* Frameworks */,
				27C44AAA1BE7D4A2000D01D8 /* Classes */,
				27F170301BEC8F1C0052A758 /* Fonts */,
				2708B6661BE43411003C4A2B /* Assets.xcassets */,
				2708B6681BE43411003C4A2B /* LaunchScreen.storyboard */,
				2708B66B1BE43411003C4A2B /* Info.plist */,
				2708B6571BE43411003C4A2B /* Supporting Files */,
			);
			path = PocketFacilitator;
			sourceTree = "<group>";
		};
		2708B6571BE43411003C4A2B /* Supporting Files */ = {
			isa = PBXGroup;
			children = (
				276E95B11BF56A5800117387 /* PocketFacilitator.db */,
				2708B6581BE43411003C4A2B /* main.m */,
			);
			name = "Supporting Files";
			sourceTree = "<group>";
		};
		2708B6731BE43412003C4A2B /* PocketFacilitatorTests */ = {
			isa = PBXGroup;
			children = (
				2708B6741BE43412003C4A2B /* PocketFacilitatorTests.m */,
				2708B6761BE43412003C4A2B /* Info.plist */,
			);
			path = PocketFacilitatorTests;
			sourceTree = "<group>";
		};
		2708B67E1BE43412003C4A2B /* PocketFacilitatorUITests */ = {
			isa = PBXGroup;
			children = (
				2708B67F1BE43412003C4A2B /* PocketFacilitatorUITests.m */,
				2708B6811BE43412003C4A2B /* Info.plist */,
			);
			path = PocketFacilitatorUITests;
			sourceTree = "<group>";
		};
		27C44A3F1BE55D31000D01D8 /* ViewControllers */ = {
			isa = PBXGroup;
			children = (
				27F3C41A1BF47FF6008CB992 /* ElementsTableViewController.h */,
				27F3C41B1BF47FF6008CB992 /* ElementsTableViewController.m */,
				27EF836F1BECA5EC00B7F96D /* LowElementsTableViewController.h */,
				27EF83701BECA5EC00B7F96D /* LowElementsTableViewController.m */,
				27EF836C1BECA5DD00B7F96D /* HighElementsTableViewController.h */,
				27EF836D1BECA5DD00B7F96D /* HighElementsTableViewController.m */,
				27C44A331BE556D2000D01D8 /* ProfileViewController.h */,
				27C44A341BE556D2000D01D8 /* ProfileViewController.m */,
				27C44A3C1BE55D0F000D01D8 /* ShopSynergoViewController.h */,
				27C44A3D1BE55D0F000D01D8 /* ShopSynergoViewController.m */,
				27F1702D1BEC871D0052A758 /* DesiredOutcomesTableViewController.h */,
				27F1702E1BEC871D0052A758 /* DesiredOutcomesTableViewController.m */,
				278ED5621BEF39E100EB0B71 /* ElementsDetailViewTableViewController.h */,
				278ED5631BEF39E100EB0B71 /* ElementsDetailViewTableViewController.m */,
			);
			name = ViewControllers;
			sourceTree = "<group>";
		};
		27C44AA91BE7D48E000D01D8 /* Frameworks */ = {
			isa = PBXGroup;
			children = (
				278ED5531BEEF4EB00EB0B71 /* libsqlite3.0.tbd */,
				278ED5451BEEDE2C00EB0B71 /* CoreData.framework */,
				27F1707D1BEC9D2D0052A758 /* SVProgressHUD */,
				27F1700B1BEB602B0052A758 /* SystemConfiguration.framework */,
				27C44A8B1BE7D38D000D01D8 /* QuartzCore.framework */,
			);
			name = Frameworks;
			path = ..;
			sourceTree = "<group>";
		};
		27C44AAA1BE7D4A2000D01D8 /* Classes */ = {
			isa = PBXGroup;
			children = (
				27C44A431BE56A2E000D01D8 /* UIColor+UIColor_SynergoColors.h */,
				27C44A441BE56A2E000D01D8 /* UIColor+UIColor_SynergoColors.m */,
				278ED55F1BEF23CD00EB0B71 /* ElementsTableViewCell.h */,
				278ED5601BEF23CD00EB0B71 /* ElementsTableViewCell.m */,
				276E95B91BF56DCF00117387 /* LowElementsTableViewCell.h */,
				276E95BA1BF56DCF00117387 /* LowElementsTableViewCell.m */,
			);
			name = Classes;
			path = ..;
			sourceTree = "<group>";
		};
		27F170301BEC8F1C0052A758 /* Fonts */ = {
			isa = PBXGroup;
			children = (
				27F170631BEC8F760052A758 /* Montserrat-Black.otf */,
				27F170641BEC8F760052A758 /* Montserrat-Bold.otf */,
				27F170651BEC8F760052A758 /* Montserrat-ExtraBold.otf */,
				27F170661BEC8F760052A758 /* Montserrat-Hairline.otf */,
				27F170671BEC8F760052A758 /* Montserrat-Light.otf */,
				27F170681BEC8F760052A758 /* Montserrat-Regular.otf */,
				27F170691BEC8F760052A758 /* Montserrat-SemiBold.otf */,
				27F1706A1BEC8F760052A758 /* Montserrat-UltraLight.otf */,
				27F170451BEC8F660052A758 /* Oswald-Bold.ttf */,
				27F170461BEC8F660052A758 /* Oswald-BoldItalic.ttf */,
				27F170471BEC8F660052A758 /* Oswald-Demi-BoldItalic.ttf */,
				27F170481BEC8F660052A758 /* Oswald-DemiBold.ttf */,
				27F170491BEC8F660052A758 /* Oswald-Extra-LightItalic.ttf */,
				27F1704A1BEC8F660052A758 /* Oswald-ExtraLight.ttf */,
				27F1704B1BEC8F660052A758 /* Oswald-Heavy.ttf */,
				27F1704C1BEC8F660052A758 /* Oswald-HeavyItalic.ttf */,
				27F1704D1BEC8F660052A758 /* Oswald-Light.ttf */,
				27F1704E1BEC8F660052A758 /* Oswald-LightItalic.ttf */,
				27F1704F1BEC8F660052A758 /* Oswald-Medium.ttf */,
				27F170501BEC8F660052A758 /* Oswald-MediumItalic.ttf */,
				27F170511BEC8F660052A758 /* Oswald-Regular.ttf */,
				27F170521BEC8F660052A758 /* Oswald-RegularItalic.ttf */,
				27F170531BEC8F660052A758 /* Oswald-Stencil.ttf */,
				27F170311BEC8F4A0052A758 /* OpenSans-Bold.ttf */,
				27F170321BEC8F4A0052A758 /* OpenSans-BoldItalic.ttf */,
				27F170331BEC8F4A0052A758 /* OpenSans-ExtraBold.ttf */,
				27F170341BEC8F4A0052A758 /* OpenSans-ExtraBoldItalic.ttf */,
				27F170351BEC8F4A0052A758 /* OpenSans-Italic.ttf */,
				27F170361BEC8F4A0052A758 /* OpenSans-Light.ttf */,
				27F170371BEC8F4A0052A758 /* OpenSans-LightItalic.ttf */,
				27F170381BEC8F4A0052A758 /* OpenSans-Regular.ttf */,
				27F170391BEC8F4A0052A758 /* OpenSans-Semibold.ttf */,
				27F1703A1BEC8F4A0052A758 /* OpenSans-SemiboldItalic.ttf */,
			);
			name = Fonts;
			sourceTree = "<group>";
		};
		27F1707D1BEC9D2D0052A758 /* SVProgressHUD */ = {
			isa = PBXGroup;
			children = (
				27F1707E1BEC9D2D0052A758 /* SVIndefiniteAnimatedView.h */,
				27F1707F1BEC9D2D0052A758 /* SVIndefiniteAnimatedView.m */,
				27F170801BEC9D2D0052A758 /* SVProgressHUD-Prefix.pch */,
				27F170811BEC9D2D0052A758 /* SVProgressHUD.bundle */,
				27F170821BEC9D2D0052A758 /* SVProgressHUD.h */,
				27F170831BEC9D2D0052A758 /* SVProgressHUD.m */,
				27F170841BEC9D2D0052A758 /* SVRadialGradientLayer.h */,
				27F170851BEC9D2D0052A758 /* SVRadialGradientLayer.m */,
			);
			path = SVProgressHUD;
			sourceTree = "<group>";
		};
/* End PBXGroup section */

/* Begin PBXNativeTarget section */
		2708B6531BE43411003C4A2B /* PocketFacilitator */ = {
			isa = PBXNativeTarget;
			buildConfigurationList = 2708B6841BE43412003C4A2B /* Build configuration list for PBXNativeTarget "PocketFacilitator" */;
			buildPhases = (
				2708B6501BE43411003C4A2B /* Sources */,
				2708B6511BE43411003C4A2B /* Frameworks */,
				2708B6521BE43411003C4A2B /* Resources */,
			);
			buildRules = (
			);
			dependencies = (
			);
			name = PocketFacilitator;
			productName = PocketFacilitator;
			productReference = 2708B6541BE43411003C4A2B /* PocketFacilitator.app */;
			productType = "com.apple.product-type.application";
		};
		2708B66F1BE43412003C4A2B /* PocketFacilitatorTests */ = {
			isa = PBXNativeTarget;
			buildConfigurationList = 2708B6871BE43412003C4A2B /* Build configuration list for PBXNativeTarget "PocketFacilitatorTests" */;
			buildPhases = (
				2708B66C1BE43412003C4A2B /* Sources */,
				2708B66D1BE43412003C4A2B /* Frameworks */,
				2708B66E1BE43412003C4A2B /* Resources */,
			);
			buildRules = (
			);
			dependencies = (
				2708B6721BE43412003C4A2B /* PBXTargetDependency */,
			);
			name = PocketFacilitatorTests;
			productName = PocketFacilitatorTests;
			productReference = 2708B6701BE43412003C4A2B /* PocketFacilitatorTests.xctest */;
			productType = "com.apple.product-type.bundle.unit-test";
		};
		2708B67A1BE43412003C4A2B /* PocketFacilitatorUITests */ = {
			isa = PBXNativeTarget;
			buildConfigurationList = 2708B68A1BE43412003C4A2B /* Build configuration list for PBXNativeTarget "PocketFacilitatorUITests" */;
			buildPhases = (
				2708B6771BE43412003C4A2B /* Sources */,
				2708B6781BE43412003C4A2B /* Frameworks */,
				2708B6791BE43412003C4A2B /* Resources */,
			);
			buildRules = (
			);
			dependencies = (
				2708B67D1BE43412003C4A2B /* PBXTargetDependency */,
			);
			name = PocketFacilitatorUITests;
			productName = PocketFacilitatorUITests;
			productReference = 2708B67B1BE43412003C4A2B /* PocketFacilitatorUITests.xctest */;
			productType = "com.apple.product-type.bundle.ui-testing";
		};
/* End PBXNativeTarget section */

/* Begin PBXProject section */
		2708B64C1BE43411003C4A2B /* Project object */ = {
			isa = PBXProject;
			attributes = {
				LastUpgradeCheck = 0710;
				ORGANIZATIONNAME = "Nick Reeder";
				TargetAttributes = {
					2708B6531BE43411003C4A2B = {
						CreatedOnToolsVersion = 7.1;
						DevelopmentTeam = C67UGMY2HN;
					};
					2708B66F1BE43412003C4A2B = {
						CreatedOnToolsVersion = 7.1;
						TestTargetID = 2708B6531BE43411003C4A2B;
					};
					2708B67A1BE43412003C4A2B = {
						CreatedOnToolsVersion = 7.1;
						TestTargetID = 2708B6531BE43411003C4A2B;
					};
				};
			};
			buildConfigurationList = 2708B64F1BE43411003C4A2B /* Build configuration list for PBXProject "PocketFacilitator" */;
			compatibilityVersion = "Xcode 3.2";
			developmentRegion = English;
			hasScannedForEncodings = 0;
			knownRegions = (
				en,
				Base,
			);
			mainGroup = 2708B64B1BE43411003C4A2B;
			productRefGroup = 2708B6551BE43411003C4A2B /* Products */;
			projectDirPath = "";
			projectRoot = "";
			targets = (
				2708B6531BE43411003C4A2B /* PocketFacilitator */,
				2708B66F1BE43412003C4A2B /* PocketFacilitatorTests */,
				2708B67A1BE43412003C4A2B /* PocketFacilitatorUITests */,
			);
		};
/* End PBXProject section */

/* Begin PBXResourcesBuildPhase section */
		2708B6521BE43411003C4A2B /* Resources */ = {
			isa = PBXResourcesBuildPhase;
			buildActionMask = 2147483647;
			files = (
				27F1705B1BEC8F660052A758 /* Oswald-HeavyItalic.ttf in Resources */,
				27F1703F1BEC8F4A0052A758 /* OpenSans-Italic.ttf in Resources */,
				27F1703C1BEC8F4A0052A758 /* OpenSans-BoldItalic.ttf in Resources */,
				27F1705C1BEC8F660052A758 /* Oswald-Light.ttf in Resources */,
				2708B66A1BE43411003C4A2B /* LaunchScreen.storyboard in Resources */,
				27F170431BEC8F4A0052A758 /* OpenSans-Semibold.ttf in Resources */,
				27F1703D1BEC8F4A0052A758 /* OpenSans-ExtraBold.ttf in Resources */,
				2708B6671BE43411003C4A2B /* Assets.xcassets in Resources */,
				276E95B21BF56A5800117387 /* PocketFacilitator.db in Resources */,
				27F170871BEC9D2D0052A758 /* SVProgressHUD.bundle in Resources */,
				27F170411BEC8F4A0052A758 /* OpenSans-LightItalic.ttf in Resources */,
				2708B6651BE43411003C4A2B /* Main.storyboard in Resources */,
				27F170601BEC8F660052A758 /* Oswald-Regular.ttf in Resources */,
				27F170571BEC8F660052A758 /* Oswald-DemiBold.ttf in Resources */,
				27F1706E1BEC8F760052A758 /* Montserrat-Hairline.otf in Resources */,
				27F1703B1BEC8F4A0052A758 /* OpenSans-Bold.ttf in Resources */,
				27F170561BEC8F660052A758 /* Oswald-Demi-BoldItalic.ttf in Resources */,
				27F170721BEC8F760052A758 /* Montserrat-UltraLight.otf in Resources */,
				27F170441BEC8F4A0052A758 /* OpenSans-SemiboldItalic.ttf in Resources */,
				27F1706D1BEC8F760052A758 /* Montserrat-ExtraBold.otf in Resources */,
				27F1706B1BEC8F760052A758 /* Montserrat-Black.otf in Resources */,
				27F1706F1BEC8F760052A758 /* Montserrat-Light.otf in Resources */,
				27F1706C1BEC8F760052A758 /* Montserrat-Bold.otf in Resources */,
				27F170711BEC8F760052A758 /* Montserrat-SemiBold.otf in Resources */,
				27F170541BEC8F660052A758 /* Oswald-Bold.ttf in Resources */,
				27F170401BEC8F4A0052A758 /* OpenSans-Light.ttf in Resources */,
				27F170421BEC8F4A0052A758 /* OpenSans-Regular.ttf in Resources */,
				27F170591BEC8F660052A758 /* Oswald-ExtraLight.ttf in Resources */,
				27F1703E1BEC8F4A0052A758 /* OpenSans-ExtraBoldItalic.ttf in Resources */,
				27F1705A1BEC8F660052A758 /* Oswald-Heavy.ttf in Resources */,
				27F170581BEC8F660052A758 /* Oswald-Extra-LightItalic.ttf in Resources */,
				27F1705E1BEC8F660052A758 /* Oswald-Medium.ttf in Resources */,
				27F170551BEC8F660052A758 /* Oswald-BoldItalic.ttf in Resources */,
				27F170621BEC8F660052A758 /* Oswald-Stencil.ttf in Resources */,
				27F1705D1BEC8F660052A758 /* Oswald-LightItalic.ttf in Resources */,
				27F1705F1BEC8F660052A758 /* Oswald-MediumItalic.ttf in Resources */,
				27F170701BEC8F760052A758 /* Montserrat-Regular.otf in Resources */,
				27F170611BEC8F660052A758 /* Oswald-RegularItalic.ttf in Resources */,
			);
			runOnlyForDeploymentPostprocessing = 0;
		};
		2708B66E1BE43412003C4A2B /* Resources */ = {
			isa = PBXResourcesBuildPhase;
			buildActionMask = 2147483647;
			files = (
			);
			runOnlyForDeploymentPostprocessing = 0;
		};
		2708B6791BE43412003C4A2B /* Resources */ = {
			isa = PBXResourcesBuildPhase;
			buildActionMask = 2147483647;
			files = (
			);
			runOnlyForDeploymentPostprocessing = 0;
		};
/* End PBXResourcesBuildPhase section */

/* Begin PBXSourcesBuildPhase section */
		2708B6501BE43411003C4A2B /* Sources */ = {
			isa = PBXSourcesBuildPhase;
			buildActionMask = 2147483647;
			files = (
				2708B65C1BE43411003C4A2B /* AppDelegate.m in Sources */,
				278ED55E1BEF12D000EB0B71 /* HighElementsDetails.m in Sources */,
				278ED5611BEF23CD00EB0B71 /* ElementsTableViewCell.m in Sources */,
				27F1702F1BEC871D0052A758 /* DesiredOutcomesTableViewController.m in Sources */,
				278ED5641BEF39E100EB0B71 /* ElementsDetailViewTableViewController.m in Sources */,
				27F170861BEC9D2D0052A758 /* SVIndefiniteAnimatedView.m in Sources */,
				2708B6591BE43411003C4A2B /* main.m in Sources */,
				276E95BB1BF56DCF00117387 /* LowElementsTableViewCell.m in Sources */,
				278ED55B1BEF0FA800EB0B71 /* ElementsFromDatabase.m in Sources */,
				276E95B51BF56AB400117387 /* LowElementsDetails.m in Sources */,
				27C44A451BE56A2E000D01D8 /* UIColor+UIColor_SynergoColors.m in Sources */,
				27F3C41C1BF47FF6008CB992 /* ElementsTableViewController.m in Sources */,
				27F170881BEC9D2D0052A758 /* SVProgressHUD.m in Sources */,
				27C44A351BE556D2000D01D8 /* ProfileViewController.m in Sources */,
				27C44A3E1BE55D0F000D01D8 /* ShopSynergoViewController.m in Sources */,
				27EF836E1BECA5DD00B7F96D /* HighElementsTableViewController.m in Sources */,
				27711BF11BEE84C200B3BAE6 /* PocketFacilitator.xcdatamodeld in Sources */,
				27EF83711BECA5EC00B7F96D /* LowElementsTableViewController.m in Sources */,
				27F170891BEC9D2D0052A758 /* SVRadialGradientLayer.m in Sources */,
			);
			runOnlyForDeploymentPostprocessing = 0;
		};
		2708B66C1BE43412003C4A2B /* Sources */ = {
			isa = PBXSourcesBuildPhase;
			buildActionMask = 2147483647;
			files = (
				2708B6751BE43412003C4A2B /* PocketFacilitatorTests.m in Sources */,
			);
			runOnlyForDeploymentPostprocessing = 0;
		};
		2708B6771BE43412003C4A2B /* Sources */ = {
			isa = PBXSourcesBuildPhase;
			buildActionMask = 2147483647;
			files = (
				2708B6801BE43412003C4A2B /* PocketFacilitatorUITests.m in Sources */,
			);
			runOnlyForDeploymentPostprocessing = 0;
		};
/* End PBXSourcesBuildPhase section */

/* Begin PBXTargetDependency section */
		2708B6721BE43412003C4A2B /* PBXTargetDependency */ = {
			isa = PBXTargetDependency;
			target = 2708B6531BE43411003C4A2B /* PocketFacilitator */;
			targetProxy = 2708B6711BE43412003C4A2B /* PBXContainerItemProxy */;
		};
		2708B67D1BE43412003C4A2B /* PBXTargetDependency */ = {
			isa = PBXTargetDependency;
			target = 2708B6531BE43411003C4A2B /* PocketFacilitator */;
			targetProxy = 2708B67C1BE43412003C4A2B /* PBXContainerItemProxy */;
		};
/* End PBXTargetDependency section */

/* Begin PBXVariantGroup section */
		2708B6631BE43411003C4A2B /* Main.storyboard */ = {
			isa = PBXVariantGroup;
			children = (
				2708B6641BE43411003C4A2B /* Base */,
			);
			name = Main.storyboard;
			sourceTree = "<group>";
		};
		2708B6681BE43411003C4A2B /* LaunchScreen.storyboard */ = {
			isa = PBXVariantGroup;
			children = (
				2708B6691BE43411003C4A2B /* Base */,
			);
			name = LaunchScreen.storyboard;
			sourceTree = "<group>";
		};
/* End PBXVariantGroup section */

/* Begin XCBuildConfiguration section */
		2708B6821BE43412003C4A2B /* Debug */ = {
			isa = XCBuildConfiguration;
			buildSettings = {
				ALWAYS_SEARCH_USER_PATHS = NO;
				CLANG_CXX_LANGUAGE_STANDARD = "gnu++0x";
				CLANG_CXX_LIBRARY = "libc++";
				CLANG_ENABLE_MODULES = YES;
				CLANG_ENABLE_OBJC_ARC = YES;
				CLANG_WARN_BOOL_CONVERSION = YES;
				CLANG_WARN_CONSTANT_CONVERSION = YES;
				CLANG_WARN_DIRECT_OBJC_ISA_USAGE = YES_ERROR;
				CLANG_WARN_EMPTY_BODY = YES;
				CLANG_WARN_ENUM_CONVERSION = YES;
				CLANG_WARN_INT_CONVERSION = YES;
				CLANG_WARN_OBJC_ROOT_CLASS = YES_ERROR;
				CLANG_WARN_UNREACHABLE_CODE = YES;
				CLANG_WARN__DUPLICATE_METHOD_MATCH = YES;
				"CODE_SIGN_IDENTITY[sdk=iphoneos*]" = "iPhone Developer";
				COPY_PHASE_STRIP = NO;
				DEBUG_INFORMATION_FORMAT = dwarf;
				ENABLE_STRICT_OBJC_MSGSEND = YES;
				ENABLE_TESTABILITY = YES;
				GCC_C_LANGUAGE_STANDARD = gnu99;
				GCC_DYNAMIC_NO_PIC = NO;
				GCC_NO_COMMON_BLOCKS = YES;
				GCC_OPTIMIZATION_LEVEL = 0;
				GCC_PREPROCESSOR_DEFINITIONS = (
					"DEBUG=1",
					"$(inherited)",
				);
				GCC_WARN_64_TO_32_BIT_CONVERSION = YES;
				GCC_WARN_ABOUT_RETURN_TYPE = YES_ERROR;
				GCC_WARN_UNDECLARED_SELECTOR = YES;
				GCC_WARN_UNINITIALIZED_AUTOS = YES_AGGRESSIVE;
				GCC_WARN_UNUSED_FUNCTION = YES;
				GCC_WARN_UNUSED_VARIABLE = YES;
				IPHONEOS_DEPLOYMENT_TARGET = 9.1;
				MTL_ENABLE_DEBUG_INFO = YES;
				ONLY_ACTIVE_ARCH = YES;
				SDKROOT = iphoneos;
				TARGETED_DEVICE_FAMILY = "1,2";
			};
			name = Debug;
		};
		2708B6831BE43412003C4A2B /* Release */ = {
			isa = XCBuildConfiguration;
			buildSettings = {
				ALWAYS_SEARCH_USER_PATHS = NO;
				CLANG_CXX_LANGUAGE_STANDARD = "gnu++0x";
				CLANG_CXX_LIBRARY = "libc++";
				CLANG_ENABLE_MODULES = YES;
				CLANG_ENABLE_OBJC_ARC = YES;
				CLANG_WARN_BOOL_CONVERSION = YES;
				CLANG_WARN_CONSTANT_CONVERSION = YES;
				CLANG_WARN_DIRECT_OBJC_ISA_USAGE = YES_ERROR;
				CLANG_WARN_EMPTY_BODY = YES;
				CLANG_WARN_ENUM_CONVERSION = YES;
				CLANG_WARN_INT_CONVERSION = YES;
				CLANG_WARN_OBJC_ROOT_CLASS = YES_ERROR;
				CLANG_WARN_UNREACHABLE_CODE = YES;
				CLANG_WARN__DUPLICATE_METHOD_MATCH = YES;
				"CODE_SIGN_IDENTITY[sdk=iphoneos*]" = "iPhone Developer";
				COPY_PHASE_STRIP = NO;
				DEBUG_INFORMATION_FORMAT = "dwarf-with-dsym";
				ENABLE_NS_ASSERTIONS = NO;
				ENABLE_STRICT_OBJC_MSGSEND = YES;
				GCC_C_LANGUAGE_STANDARD = gnu99;
				GCC_NO_COMMON_BLOCKS = YES;
				GCC_WARN_64_TO_32_BIT_CONVERSION = YES;
				GCC_WARN_ABOUT_RETURN_TYPE = YES_ERROR;
				GCC_WARN_UNDECLARED_SELECTOR = YES;
				GCC_WARN_UNINITIALIZED_AUTOS = YES_AGGRESSIVE;
				GCC_WARN_UNUSED_FUNCTION = YES;
				GCC_WARN_UNUSED_VARIABLE = YES;
				IPHONEOS_DEPLOYMENT_TARGET = 9.1;
				MTL_ENABLE_DEBUG_INFO = NO;
				SDKROOT = iphoneos;
				TARGETED_DEVICE_FAMILY = "1,2";
				VALIDATE_PRODUCT = YES;
			};
			name = Release;
		};
		2708B6851BE43412003C4A2B /* Debug */ = {
			isa = XCBuildConfiguration;
			buildSettings = {
				ASSETCATALOG_COMPILER_APPICON_NAME = AppIcon;
				CODE_SIGN_IDENTITY = "iPhone Developer";
				INFOPLIST_FILE = PocketFacilitator/Info.plist;
				LD_RUNPATH_SEARCH_PATHS = "$(inherited) @executable_path/Frameworks";
				PRODUCT_BUNDLE_IDENTIFIER = com.nicksapps.PocketFacilitator;
				PRODUCT_NAME = "$(TARGET_NAME)";
				TARGETED_DEVICE_FAMILY = "1,2";
			};
			name = Debug;
		};
		2708B6861BE43412003C4A2B /* Release */ = {
			isa = XCBuildConfiguration;
			buildSettings = {
				ASSETCATALOG_COMPILER_APPICON_NAME = AppIcon;
				CODE_SIGN_IDENTITY = "iPhone Developer";
				INFOPLIST_FILE = PocketFacilitator/Info.plist;
				LD_RUNPATH_SEARCH_PATHS = "$(inherited) @executable_path/Frameworks";
				PRODUCT_BUNDLE_IDENTIFIER = com.nicksapps.PocketFacilitator;
				PRODUCT_NAME = "$(TARGET_NAME)";
				TARGETED_DEVICE_FAMILY = "1,2";
			};
			name = Release;
		};
		2708B6881BE43412003C4A2B /* Debug */ = {
			isa = XCBuildConfiguration;
			buildSettings = {
				BUNDLE_LOADER = "$(TEST_HOST)";
				INFOPLIST_FILE = PocketFacilitatorTests/Info.plist;
				LD_RUNPATH_SEARCH_PATHS = "$(inherited) @executable_path/Frameworks @loader_path/Frameworks";
				PRODUCT_BUNDLE_IDENTIFIER = com.nicksapps.PocketFacilitatorTests;
				PRODUCT_NAME = "$(TARGET_NAME)";
				TEST_HOST = "$(BUILT_PRODUCTS_DIR)/PocketFacilitator.app/PocketFacilitator";
			};
			name = Debug;
		};
		2708B6891BE43412003C4A2B /* Release */ = {
			isa = XCBuildConfiguration;
			buildSettings = {
				BUNDLE_LOADER = "$(TEST_HOST)";
				INFOPLIST_FILE = PocketFacilitatorTests/Info.plist;
				LD_RUNPATH_SEARCH_PATHS = "$(inherited) @executable_path/Frameworks @loader_path/Frameworks";
				PRODUCT_BUNDLE_IDENTIFIER = com.nicksapps.PocketFacilitatorTests;
				PRODUCT_NAME = "$(TARGET_NAME)";
				TEST_HOST = "$(BUILT_PRODUCTS_DIR)/PocketFacilitator.app/PocketFacilitator";
			};
			name = Release;
		};
		2708B68B1BE43412003C4A2B /* Debug */ = {
			isa = XCBuildConfiguration;
			buildSettings = {
				INFOPLIST_FILE = PocketFacilitatorUITests/Info.plist;
				LD_RUNPATH_SEARCH_PATHS = "$(inherited) @executable_path/Frameworks @loader_path/Frameworks";
				PRODUCT_BUNDLE_IDENTIFIER = com.nicksapps.PocketFacilitatorUITests;
				PRODUCT_NAME = "$(TARGET_NAME)";
				TEST_TARGET_NAME = PocketFacilitator;
				USES_XCTRUNNER = YES;
			};
			name = Debug;
		};
		2708B68C1BE43412003C4A2B /* Release */ = {
			isa = XCBuildConfiguration;
			buildSettings = {
				INFOPLIST_FILE = PocketFacilitatorUITests/Info.plist;
				LD_RUNPATH_SEARCH_PATHS = "$(inherited) @executable_path/Frameworks @loader_path/Frameworks";
				PRODUCT_BUNDLE_IDENTIFIER = com.nicksapps.PocketFacilitatorUITests;
				PRODUCT_NAME = "$(TARGET_NAME)";
				TEST_TARGET_NAME = PocketFacilitator;
				USES_XCTRUNNER = YES;
			};
			name = Release;
		};
/* End XCBuildConfiguration section */

/* Begin XCConfigurationList section */
		2708B64F1BE43411003C4A2B /* Build configuration list for PBXProject "PocketFacilitator" */ = {
			isa = XCConfigurationList;
			buildConfigurations = (
				2708B6821BE43412003C4A2B /* Debug */,
				2708B6831BE43412003C4A2B /* Release */,
			);
			defaultConfigurationIsVisible = 0;
			defaultConfigurationName = Release;
		};
		2708B6841BE43412003C4A2B /* Build configuration list for PBXNativeTarget "PocketFacilitator" */ = {
			isa = XCConfigurationList;
			buildConfigurations = (
				2708B6851BE43412003C4A2B /* Debug */,
				2708B6861BE43412003C4A2B /* Release */,
			);
			defaultConfigurationIsVisible = 0;
			defaultConfigurationName = Release;
		};
		2708B6871BE43412003C4A2B /* Build configuration list for PBXNativeTarget "PocketFacilitatorTests" */ = {
			isa = XCConfigurationList;
			buildConfigurations = (
				2708B6881BE43412003C4A2B /* Debug */,
				2708B6891BE43412003C4A2B /* Release */,
			);
			defaultConfigurationIsVisible = 0;
			defaultConfigurationName = Release;
		};
		2708B68A1BE43412003C4A2B /* Build configuration list for PBXNativeTarget "PocketFacilitatorUITests" */ = {
			isa = XCConfigurationList;
			buildConfigurations = (
				2708B68B1BE43412003C4A2B /* Debug */,
				2708B68C1BE43412003C4A2B /* Release */,
			);
			defaultConfigurationIsVisible = 0;
			defaultConfigurationName = Release;
		};
/* End XCConfigurationList section */

/* Begin XCVersionGroup section */
		27711BEF1BEE84C200B3BAE6 /* PocketFacilitator.xcdatamodeld */ = {
			isa = XCVersionGroup;
			children = (
				27711BF01BEE84C200B3BAE6 /* PocketFacilitator.xcdatamodel */,
			);
			currentVersion = 27711BF01BEE84C200B3BAE6 /* PocketFacilitator.xcdatamodel */;
			path = PocketFacilitator.xcdatamodeld;
			sourceTree = "<group>";
			versionGroupType = wrapper.xcdatamodel;
		};
/* End XCVersionGroup section */
	};
	rootObject = 2708B64C1BE43411003C4A2B /* Project object */;
}
